
Microsoft Visual Studio Solution File, Format Version 12.00
# Visual Studio Version 17
VisualStudioVersion = 17.0.31903.59
MinimumVisualStudioVersion = 10.0.40219.1
Project("{2150E333-8FDC-42A3-9474-1A3956D46DE8}") = "src", "src", "{827E0CD3-B72D-47B6-A68D-7590B98EB39B}"
EndProject
Project("{FAE04EC0-301F-11D3-BF4B-00C04F79EFBC}") = "OrgChart.Core", "src\OrgChart.Core\OrgChart.Core.csproj", "{4E46E8E4-904F-4AD8-99A5-1CCFCF8E8D3A}"
EndProject
Project("{FAE04EC0-301F-11D3-BF4B-00C04F79EFBC}") = "OrgChart.EFCore", "src\OrgChart.EFCore\OrgChart.EFCore.csproj", "{644D3B73-F5F5-42C3-A70E-079EB006BD98}"
EndProject
Project("{2150E333-8FDC-42A3-9474-1A3956D46DE8}") = "tests", "tests", "{0AB3BF05-4346-4AA6-1389-037BE0695223}"
EndProject
Project("{FAE04EC0-301F-11D3-BF4B-00C04F79EFBC}") = "OrgChart.Tests", "tests\OrgChart.Tests\OrgChart.Tests.csproj", "{BBF402C0-4110-42C5-AE3A-3E8144FAEC6A}"
EndProject
Project("{FAE04EC0-301F-11D3-BF4B-00C04F79EFBC}") = "OrgChart.AspNetCore", "src\OrgChart.AspNetCore\OrgChart.AspNetCore.csproj", "{1B5138D9-EFB0-4AB2-8A21-AA8FF6182B9E}"
EndProject
Project("{FAE04EC0-301F-11D3-BF4B-00C04F79EFBC}") = "OrgChart.Razor", "src\OrgChart.Razor\OrgChart.Razor.csproj", "{68B35D10-D286-4BB2-A228-978B8382A466}"
EndProject
Project("{2150E333-8FDC-42A3-9474-1A3956D46DE8}") = "samples", "samples", "{5D20AA90-6969-D8BD-9DCD-8634F4692FDA}"
EndProject
Project("{FAE04EC0-301F-11D3-BF4B-00C04F79EFBC}") = "OrgChart.Sample.Web", "samples\OrgChart.Sample.Web\OrgChart.Sample.Web.csproj", "{7F0110C0-4253-499F-98BD-FB23F9336908}"
EndProject
Global
	GlobalSection(SolutionConfigurationPlatforms) = preSolution
		Debug|Any CPU = Debug|Any CPU
		Debug|x64 = Debug|x64
		Debug|x86 = Debug|x86
		Release|Any CPU = Release|Any CPU
		Release|x64 = Release|x64
		Release|x86 = Release|x86
	EndGlobalSection
	GlobalSection(ProjectConfigurationPlatforms) = postSolution
		{4E46E8E4-904F-4AD8-99A5-1CCFCF8E8D3A}.Debug|Any CPU.ActiveCfg = Debug|Any CPU
		{4E46E8E4-904F-4AD8-99A5-1CCFCF8E8D3A}.Debug|Any CPU.Build.0 = Debug|Any CPU
		{4E46E8E4-904F-4AD8-99A5-1CCFCF8E8D3A}.Debug|x64.ActiveCfg = Debug|Any CPU
		{4E46E8E4-904F-4AD8-99A5-1CCFCF8E8D3A}.Debug|x64.Build.0 = Debug|Any CPU
		{4E46E8E4-904F-4AD8-99A5-1CCFCF8E8D3A}.Debug|x86.ActiveCfg = Debug|Any CPU
		{4E46E8E4-904F-4AD8-99A5-1CCFCF8E8D3A}.Debug|x86.Build.0 = Debug|Any CPU
		{4E46E8E4-904F-4AD8-99A5-1CCFCF8E8D3A}.Release|Any CPU.ActiveCfg = Release|Any CPU
		{4E46E8E4-904F-4AD8-99A5-1CCFCF8E8D3A}.Release|Any CPU.Build.0 = Release|Any CPU
		{4E46E8E4-904F-4AD8-99A5-1CCFCF8E8D3A}.Release|x64.ActiveCfg = Release|Any CPU
		{4E46E8E4-904F-4AD8-99A5-1CCFCF8E8D3A}.Release|x64.Build.0 = Release|Any CPU
		{4E46E8E4-904F-4AD8-99A5-1CCFCF8E8D3A}.Release|x86.ActiveCfg = Release|Any CPU
		{4E46E8E4-904F-4AD8-99A5-1CCFCF8E8D3A}.Release|x86.Build.0 = Release|Any CPU
		{644D3B73-F5F5-42C3-A70E-079EB006BD98}.Debug|Any CPU.ActiveCfg = Debug|Any CPU
		{644D3B73-F5F5-42C3-A70E-079EB006BD98}.Debug|Any CPU.Build.0 = Debug|Any CPU
		{644D3B73-F5F5-42C3-A70E-079EB006BD98}.Debug|x64.ActiveCfg = Debug|Any CPU
		{644D3B73-F5F5-42C3-A70E-079EB006BD98}.Debug|x64.Build.0 = Debug|Any CPU
		{644D3B73-F5F5-42C3-A70E-079EB006BD98}.Debug|x86.ActiveCfg = Debug|Any CPU
		{644D3B73-F5F5-42C3-A70E-079EB006BD98}.Debug|x86.Build.0 = Debug|Any CPU
		{644D3B73-F5F5-42C3-A70E-079EB006BD98}.Release|Any CPU.ActiveCfg = Release|Any CPU
		{644D3B73-F5F5-42C3-A70E-079EB006BD98}.Release|Any CPU.Build.0 = Release|Any CPU
		{644D3B73-F5F5-42C3-A70E-079EB006BD98}.Release|x64.ActiveCfg = Release|Any CPU
		{644D3B73-F5F5-42C3-A70E-079EB006BD98}.Release|x64.Build.0 = Release|Any CPU
		{644D3B73-F5F5-42C3-A70E-079EB006BD98}.Release|x86.ActiveCfg = Release|Any CPU
		{644D3B73-F5F5-42C3-A70E-079EB006BD98}.Release|x86.Build.0 = Release|Any CPU
		{BBF402C0-4110-42C5-AE3A-3E8144FAEC6A}.Debug|Any CPU.ActiveCfg = Debug|Any CPU
		{BBF402C0-4110-42C5-AE3A-3E8144FAEC6A}.Debug|Any CPU.Build.0 = Debug|Any CPU
		{BBF402C0-4110-42C5-AE3A-3E8144FAEC6A}.Debug|x64.ActiveCfg = Debug|Any CPU
		{BBF402C0-4110-42C5-AE3A-3E8144FAEC6A}.Debug|x64.Build.0 = Debug|Any CPU
		{BBF402C0-4110-42C5-AE3A-3E8144FAEC6A}.Debug|x86.ActiveCfg = Debug|Any CPU
		{BBF402C0-4110-42C5-AE3A-3E8144FAEC6A}.Debug|x86.Build.0 = Debug|Any CPU
		{BBF402C0-4110-42C5-AE3A-3E8144FAEC6A}.Release|Any CPU.ActiveCfg = Release|Any CPU
		{BBF402C0-4110-42C5-AE3A-3E8144FAEC6A}.Release|Any CPU.Build.0 = Release|Any CPU
		{BBF402C0-4110-42C5-AE3A-3E8144FAEC6A}.Release|x64.ActiveCfg = Release|Any CPU
		{BBF402C0-4110-42C5-AE3A-3E8144FAEC6A}.Release|x64.Build.0 = Release|Any CPU
		{BBF402C0-4110-42C5-AE3A-3E8144FAEC6A}.Release|x86.ActiveCfg = Release|Any CPU
		{BBF402C0-4110-42C5-AE3A-3E8144FAEC6A}.Release|x86.Build.0 = Release|Any CPU
		{1B5138D9-EFB0-4AB2-8A21-AA8FF6182B9E}.Debug|Any CPU.ActiveCfg = Debug|Any CPU
		{1B5138D9-EFB0-4AB2-8A21-AA8FF6182B9E}.Debug|Any CPU.Build.0 = Debug|Any CPU
		{1B5138D9-EFB0-4AB2-8A21-AA8FF6182B9E}.Debug|x64.ActiveCfg = Debug|Any CPU
		{1B5138D9-EFB0-4AB2-8A21-AA8FF6182B9E}.Debug|x64.Build.0 = Debug|Any CPU
		{1B5138D9-EFB0-4AB2-8A21-AA8FF6182B9E}.Debug|x86.ActiveCfg = Debug|Any CPU
		{1B5138D9-EFB0-4AB2-8A21-AA8FF6182B9E}.Debug|x86.Build.0 = Debug|Any CPU
		{1B5138D9-EFB0-4AB2-8A21-AA8FF6182B9E}.Release|Any CPU.ActiveCfg = Release|Any CPU
		{1B5138D9-EFB0-4AB2-8A21-AA8FF6182B9E}.Release|Any CPU.Build.0 = Release|Any CPU
		{1B5138D9-EFB0-4AB2-8A21-AA8FF6182B9E}.Release|x64.ActiveCfg = Release|Any CPU
		{1B5138D9-EFB0-4AB2-8A21-AA8FF6182B9E}.Release|x64.Build.0 = Release|Any CPU
		{1B5138D9-EFB0-4AB2-8A21-AA8FF6182B9E}.Release|x86.ActiveCfg = Release|Any CPU
		{1B5138D9-EFB0-4AB2-8A21-AA8FF6182B9E}.Release|x86.Build.0 = Release|Any CPU
		{68B35D10-D286-4BB2-A228-978B8382A466}.Debug|Any CPU.ActiveCfg = Debug|Any CPU
		{68B35D10-D286-4BB2-A228-978B8382A466}.Debug|Any CPU.Build.0 = Debug|Any CPU
		{68B35D10-D286-4BB2-A228-978B8382A466}.Debug|x64.ActiveCfg = Debug|Any CPU
		{68B35D10-D286-4BB2-A228-978B8382A466}.Debug|x64.Build.0 = Debug|Any CPU
		{68B35D10-D286-4BB2-A228-978B8382A466}.Debug|x86.ActiveCfg = Debug|Any CPU
		{68B35D10-D286-4BB2-A228-978B8382A466}.Debug|x86.Build.0 = Debug|Any CPU
		{68B35D10-D286-4BB2-A228-978B8382A466}.Release|Any CPU.ActiveCfg = Release|Any CPU
		{68B35D10-D286-4BB2-A228-978B8382A466}.Release|Any CPU.Build.0 = Release|Any CPU
		{68B35D10-D286-4BB2-A228-978B8382A466}.Release|x64.ActiveCfg = Release|Any CPU
		{68B35D10-D286-4BB2-A228-978B8382A466}.Release|x64.Build.0 = Release|Any CPU
		{68B35D10-D286-4BB2-A228-978B8382A466}.Release|x86.ActiveCfg = Release|Any CPU
		{68B35D10-D286-4BB2-A228-978B8382A466}.Release|x86.Build.0 = Release|Any CPU
		{7F0110C0-4253-499F-98BD-FB23F9336908}.Debug|Any CPU.ActiveCfg = Debug|Any CPU
		{7F0110C0-4253-499F-98BD-FB23F9336908}.Debug|Any CPU.Build.0 = Debug|Any CPU
		{7F0110C0-4253-499F-98BD-FB23F9336908}.Debug|x64.ActiveCfg = Debug|Any CPU
		{7F0110C0-4253-499F-98BD-FB23F9336908}.Debug|x64.Build.0 = Debug|Any CPU
		{7F0110C0-4253-499F-98BD-FB23F9336908}.Debug|x86.ActiveCfg = Debug|Any CPU
		{7F0110C0-4253-499F-98BD-FB23F9336908}.Debug|x86.Build.0 = Debug|Any CPU
		{7F0110C0-4253-499F-98BD-FB23F9336908}.Release|Any CPU.ActiveCfg = Release|Any CPU
		{7F0110C0-4253-499F-98BD-FB23F9336908}.Release|Any CPU.Build.0 = Release|Any CPU
		{7F0110C0-4253-499F-98BD-FB23F9336908}.Release|x64.ActiveCfg = Release|Any CPU
		{7F0110C0-4253-499F-98BD-FB23F9336908}.Release|x64.Build.0 = Release|Any CPU
		{7F0110C0-4253-499F-98BD-FB23F9336908}.Release|x86.ActiveCfg = Release|Any CPU
		{7F0110C0-4253-499F-98BD-FB23F9336908}.Release|x86.Build.0 = Release|Any CPU
	EndGlobalSection
	GlobalSection(SolutionProperties) = preSolution
		HideSolutionNode = FALSE
	EndGlobalSection
	GlobalSection(NestedProjects) = preSolution
		{4E46E8E4-904F-4AD8-99A5-1CCFCF8E8D3A} = {827E0CD3-B72D-47B6-A68D-7590B98EB39B}
		{644D3B73-F5F5-42C3-A70E-079EB006BD98} = {827E0CD3-B72D-47B6-A68D-7590B98EB39B}
		{BBF402C0-4110-42C5-AE3A-3E8144FAEC6A} = {0AB3BF05-4346-4AA6-1389-037BE0695223}
		{1B5138D9-EFB0-4AB2-8A21-AA8FF6182B9E} = {827E0CD3-B72D-47B6-A68D-7590B98EB39B}
		{68B35D10-D286-4BB2-A228-978B8382A466} = {827E0CD3-B72D-47B6-A68D-7590B98EB39B}
		{7F0110C0-4253-499F-98BD-FB23F9336908} = {5D20AA90-6969-D8BD-9DCD-8634F4692FDA}
	EndGlobalSection
EndGlobal
